
Microsoft Visual Studio Solution File, Format Version 12.00
# Visual Studio Version 17
VisualStudioVersion = 17.7.34009.444
MinimumVisualStudioVersion = 10.0.40219.1
Project("{FAE04EC0-301F-11D3-BF4B-00C04F79EFBC}") = "IdentityApi", "IdentityApi\IdentityApi.csproj", "{088C74D9-3786-4890-BB14-76D72A6F4F13}"
EndProject
Global
	GlobalSection(SolutionConfigurationPlatforms) = preSolution
		Debug|Any CPU = Debug|Any CPU
		Release|Any CPU = Release|Any CPU
	EndGlobalSection
	GlobalSection(ProjectConfigurationPlatforms) = postSolution
		{088C74D9-3786-4890-BB14-76D72A6F4F13}.Debug|Any CPU.ActiveCfg = Debug|Any CPU
		{088C74D9-3786-4890-BB14-76D72A6F4F13}.Debug|Any CPU.Build.0 = Debug|Any CPU
		{088C74D9-3786-4890-BB14-76D72A6F4F13}.Release|Any CPU.ActiveCfg = Release|Any CPU
		{088C74D9-3786-4890-BB14-76D72A6F4F13}.Release|Any CPU.Build.0 = Release|Any CPU
	EndGlobalSection
	GlobalSection(SolutionProperties) = preSolution
		HideSolutionNode = FALSE
	EndGlobalSection
	GlobalSection(ExtensibilityGlobals) = postSolution
		SolutionGuid = {2DB6C1C8-F4D0-4DC8-91CD-7A6C2FA3FB4B}
	EndGlobalSection
EndGlobal
